
Microsoft Visual Studio Solution File, Format Version 12.00
# Visual Studio Version 17
VisualStudioVersion = 17.6.33829.357
MinimumVisualStudioVersion = 10.0.40219.1
Project("{FAE04EC0-301F-11D3-BF4B-00C04F79EFBC}") = "MultithreadingDemo2", "MultithreadingDemo2\MultithreadingDemo2.csproj", "{17FABB50-3899-4698-8BEB-64D5BB17C517}"
EndProject
Global
	GlobalSection(SolutionConfigurationPlatforms) = preSolution
		Debug|Any CPU = Debug|Any CPU
		Release|Any CPU = Release|Any CPU
	EndGlobalSection
	GlobalSection(ProjectConfigurationPlatforms) = postSolution
		{17FABB50-3899-4698-8BEB-64D5BB17C517}.Debug|Any CPU.ActiveCfg = Debug|Any CPU
		{17FABB50-3899-4698-8BEB-64D5BB17C517}.Debug|Any CPU.Build.0 = Debug|Any CPU
		{17FABB50-3899-4698-8BEB-64D5BB17C517}.Release|Any CPU.ActiveCfg = Release|Any CPU
		{17FABB50-3899-4698-8BEB-64D5BB17C517}.Release|Any CPU.Build.0 = Release|Any CPU
	EndGlobalSection
	GlobalSection(SolutionProperties) = preSolution
		HideSolutionNode = FALSE
	EndGlobalSection
	GlobalSection(ExtensibilityGlobals) = postSolution
		SolutionGuid = {3D80FF9A-58F2-4002-A968-D9C54AC6FE08}
	EndGlobalSection
EndGlobal
